
Microsoft Visual Studio Solution File, Format Version 12.00
# Visual Studio Version 17
VisualStudioVersion = 17.14.37328.6 d17.14
MinimumVisualStudioVersion = 10.0.40219.1
Project("{FAE04EC0-301F-11D3-BF4B-00C04F79EFBC}") = "CURDUSingAPIEFCore", "CURDUSingAPIEFCore.csproj", "{D43CA0C8-8DFD-4329-A9F3-398E6890E794}"
EndProject
Global
	GlobalSection(SolutionConfigurationPlatforms) = preSolution
		Debug|Any CPU = Debug|Any CPU
		Release|Any CPU = Release|Any CPU
	EndGlobalSection
	GlobalSection(ProjectConfigurationPlatforms) = postSolution
		{D43CA0C8-8DFD-4329-A9F3-398E6890E794}.Debug|Any CPU.ActiveCfg = Debug|Any CPU
		{D43CA0C8-8DFD-4329-A9F3-398E6890E794}.Debug|Any CPU.Build.0 = Debug|Any CPU
		{D43CA0C8-8DFD-4329-A9F3-398E6890E794}.Release|Any CPU.ActiveCfg = Release|Any CPU
		{D43CA0C8-8DFD-4329-A9F3-398E6890E794}.Release|Any CPU.Build.0 = Release|Any CPU
	EndGlobalSection
	GlobalSection(SolutionProperties) = preSolution
		HideSolutionNode = FALSE
	EndGlobalSection
	GlobalSection(ExtensibilityGlobals) = postSolution
		SolutionGuid = {B5024A67-E637-4C67-B4C1-05FABC370DD2}
	EndGlobalSection
EndGlobal
